
Microsoft Visual Studio Solution File, Format Version 11.00
# Visual Studio 2010 Express for Windows Phone
Project("{FAE04EC0-301F-11D3-BF4B-00C04F79EFBC}") = "PhoneApp1", "PhoneApp1\PhoneApp1.csproj", "{16A63307-58FA-4E71-A87B-D7F80B2CF3AD}"
EndProject
Global
	GlobalSection(SolutionConfigurationPlatforms) = preSolution
		Debug|Any CPU = Debug|Any CPU
		Release|Any CPU = Release|Any CPU
	EndGlobalSection
	GlobalSection(ProjectConfigurationPlatforms) = postSolution
		{16A63307-58FA-4E71-A87B-D7F80B2CF3AD}.Debug|Any CPU.ActiveCfg = Debug|Any CPU
		{16A63307-58FA-4E71-A87B-D7F80B2CF3AD}.Debug|Any CPU.Build.0 = Debug|Any CPU
		{16A63307-58FA-4E71-A87B-D7F80B2CF3AD}.Debug|Any CPU.Deploy.0 = Debug|Any CPU
		{16A63307-58FA-4E71-A87B-D7F80B2CF3AD}.Release|Any CPU.ActiveCfg = Release|Any CPU
		{16A63307-58FA-4E71-A87B-D7F80B2CF3AD}.Release|Any CPU.Build.0 = Release|Any CPU
		{16A63307-58FA-4E71-A87B-D7F80B2CF3AD}.Release|Any CPU.Deploy.0 = Release|Any CPU
	EndGlobalSection
	GlobalSection(SolutionProperties) = preSolution
		HideSolutionNode = FALSE
	EndGlobalSection
EndGlobal
